// !$*UTF8*$!
{
	archiveVersion = 1;
	classes = {
	};
	objectVersion = 50;
	objects = {

/* Begin PBXBuildFile section */
		AC2507DF25396C1500C57A00 /* AppDelegate.swift in Sources */ = {isa = PBXBuildFile; fileRef = AC2507DE25396C1500C57A00 /* AppDelegate.swift */; };
		AC2507E125396C1500C57A00 /* SceneDelegate.swift in Sources */ = {isa = PBXBuildFile; fileRef = AC2507E025396C1500C57A00 /* SceneDelegate.swift */; };
		AC2507E325396C1500C57A00 /* ConversationsViewController.swift in Sources */ = {isa = PBXBuildFile; fileRef = AC2507E225396C1500C57A00 /* ConversationsViewController.swift */; };
		AC2507E625396C1500C57A00 /* Main.storyboard in Resources */ = {isa = PBXBuildFile; fileRef = AC2507E425396C1500C57A00 /* Main.storyboard */; };
		AC2507E825396C1700C57A00 /* Assets.xcassets in Resources */ = {isa = PBXBuildFile; fileRef = AC2507E725396C1700C57A00 /* Assets.xcassets */; };
		AC2507EB25396C1700C57A00 /* LaunchScreen.storyboard in Resources */ = {isa = PBXBuildFile; fileRef = AC2507E925396C1700C57A00 /* LaunchScreen.storyboard */; };
		AC2507F925396EBD00C57A00 /* LoginViewController.swift in Sources */ = {isa = PBXBuildFile; fileRef = AC2507F825396EBD00C57A00 /* LoginViewController.swift */; };
		AC2507FB25396ECD00C57A00 /* RegisterViewController.swift in Sources */ = {isa = PBXBuildFile; fileRef = AC2507FA25396ECD00C57A00 /* RegisterViewController.swift */; };
		AC2507FD25396EFE00C57A00 /* PhotoViewerViewController.swift in Sources */ = {isa = PBXBuildFile; fileRef = AC2507FC25396EFE00C57A00 /* PhotoViewerViewController.swift */; };
		AC2507FF25396F0F00C57A00 /* VideoPlayerViewController.swift in Sources */ = {isa = PBXBuildFile; fileRef = AC2507FE25396F0F00C57A00 /* VideoPlayerViewController.swift */; };
		AC25080125396F3900C57A00 /* NewConversationViewController.swift in Sources */ = {isa = PBXBuildFile; fileRef = AC25080025396F3900C57A00 /* NewConversationViewController.swift */; };
		AC25080325396F4A00C57A00 /* ProfileViewController.swift in Sources */ = {isa = PBXBuildFile; fileRef = AC25080225396F4A00C57A00 /* ProfileViewController.swift */; };
/* End PBXBuildFile section */

/* Begin PBXFileReference section */
		AC2507DB25396C1500C57A00 /* Messenger.app */ = {isa = PBXFileReference; explicitFileType = wrapper.application; includeInIndex = 0; path = Messenger.app; sourceTree = BUILT_PRODUCTS_DIR; };
		AC2507DE25396C1500C57A00 /* AppDelegate.swift */ = {isa = PBXFileReference; lastKnownFileType = sourcecode.swift; path = AppDelegate.swift; sourceTree = "<group>"; };
		AC2507E025396C1500C57A00 /* SceneDelegate.swift */ = {isa = PBXFileReference; lastKnownFileType = sourcecode.swift; path = SceneDelegate.swift; sourceTree = "<group>"; };
		AC2507E225396C1500C57A00 /* ConversationsViewController.swift */ = {isa = PBXFileReference; lastKnownFileType = sourcecode.swift; path = ConversationsViewController.swift; sourceTree = "<group>"; };
		AC2507E525396C1500C57A00 /* Base */ = {isa = PBXFileReference; lastKnownFileType = file.storyboard; name = Base; path = Base.lproj/Main.storyboard; sourceTree = "<group>"; };
		AC2507E725396C1700C57A00 /* Assets.xcassets */ = {isa = PBXFileReference; lastKnownFileType = folder.assetcatalog; path = Assets.xcassets; sourceTree = "<group>"; };
		AC2507EA25396C1700C57A00 /* Base */ = {isa = PBXFileReference; lastKnownFileType = file.storyboard; name = Base; path = Base.lproj/LaunchScreen.storyboard; sourceTree = "<group>"; };
		AC2507EC25396C1700C57A00 /* Info.plist */ = {isa = PBXFileReference; lastKnownFileType = text.plist.xml; path = Info.plist; sourceTree = "<group>"; };
		AC2507F825396EBD00C57A00 /* LoginViewController.swift */ = {isa = PBXFileReference; lastKnownFileType = sourcecode.swift; path = LoginViewController.swift; sourceTree = "<group>"; };
		AC2507FA25396ECD00C57A00 /* RegisterViewController.swift */ = {isa = PBXFileReference; lastKnownFileType = sourcecode.swift; path = RegisterViewController.swift; sourceTree = "<group>"; };
		AC2507FC25396EFE00C57A00 /* PhotoViewerViewController.swift */ = {isa = PBXFileReference; lastKnownFileType = sourcecode.swift; path = PhotoViewerViewController.swift; sourceTree = "<group>"; };
		AC2507FE25396F0F00C57A00 /* VideoPlayerViewController.swift */ = {isa = PBXFileReference; lastKnownFileType = sourcecode.swift; path = VideoPlayerViewController.swift; sourceTree = "<group>"; };
		AC25080025396F3900C57A00 /* NewConversationViewController.swift */ = {isa = PBXFileReference; lastKnownFileType = sourcecode.swift; path = NewConversationViewController.swift; sourceTree = "<group>"; };
		AC25080225396F4A00C57A00 /* ProfileViewController.swift */ = {isa = PBXFileReference; lastKnownFileType = sourcecode.swift; path = ProfileViewController.swift; sourceTree = "<group>"; };
/* End PBXFileReference section */

/* Begin PBXFrameworksBuildPhase section */
		AC2507D825396C1500C57A00 /* Frameworks */ = {
			isa = PBXFrameworksBuildPhase;
			buildActionMask = 2147483647;
			files = (
			);
			runOnlyForDeploymentPostprocessing = 0;
		};
/* End PBXFrameworksBuildPhase section */

/* Begin PBXGroup section */
		AC2507D225396C1500C57A00 = {
			isa = PBXGroup;
			children = (
				AC2507DD25396C1500C57A00 /* Messenger */,
				AC2507DC25396C1500C57A00 /* Products */,
			);
			sourceTree = "<group>";
		};
		AC2507DC25396C1500C57A00 /* Products */ = {
			isa = PBXGroup;
			children = (
				AC2507DB25396C1500C57A00 /* Messenger.app */,
			);
			name = Products;
			sourceTree = "<group>";
		};
		AC2507DD25396C1500C57A00 /* Messenger */ = {
			isa = PBXGroup;
			children = (
				AC2507F625396D5300C57A00 /* Resources */,
				AC2507F525396D4B00C57A00 /* ViewModel */,
				AC2507F425396D4500C57A00 /* Models */,
				AC2507F325396D4100C57A00 /* Views */,
				AC2507F225396D3A00C57A00 /* Controllers */,
				AC2507EC25396C1700C57A00 /* Info.plist */,
			);
			path = Messenger;
			sourceTree = "<group>";
		};
		AC2507F225396D3A00C57A00 /* Controllers */ = {
			isa = PBXGroup;
			children = (
				AC2507E225396C1500C57A00 /* ConversationsViewController.swift */,
				AC2507F825396EBD00C57A00 /* LoginViewController.swift */,
				AC2507FA25396ECD00C57A00 /* RegisterViewController.swift */,
				AC2507FC25396EFE00C57A00 /* PhotoViewerViewController.swift */,
				AC2507FE25396F0F00C57A00 /* VideoPlayerViewController.swift */,
				AC25080025396F3900C57A00 /* NewConversationViewController.swift */,
				AC25080225396F4A00C57A00 /* ProfileViewController.swift */,
			);
			path = Controllers;
			sourceTree = "<group>";
		};
		AC2507F325396D4100C57A00 /* Views */ = {
			isa = PBXGroup;
			children = (
				AC2507F725396D7A00C57A00 /* Storyboards */,
				AC2507E725396C1700C57A00 /* Assets.xcassets */,
			);
			path = Views;
			sourceTree = "<group>";
		};
		AC2507F425396D4500C57A00 /* Models */ = {
			isa = PBXGroup;
			children = (
			);
			path = Models;
			sourceTree = "<group>";
		};
		AC2507F525396D4B00C57A00 /* ViewModel */ = {
			isa = PBXGroup;
			children = (
			);
			path = ViewModel;
			sourceTree = "<group>";
		};
		AC2507F625396D5300C57A00 /* Resources */ = {
			isa = PBXGroup;
			children = (
				AC2507DE25396C1500C57A00 /* AppDelegate.swift */,
				AC2507E025396C1500C57A00 /* SceneDelegate.swift */,
			);
			path = Resources;
			sourceTree = "<group>";
		};
		AC2507F725396D7A00C57A00 /* Storyboards */ = {
			isa = PBXGroup;
			children = (
				AC2507E425396C1500C57A00 /* Main.storyboard */,
				AC2507E925396C1700C57A00 /* LaunchScreen.storyboard */,
			);
			path = Storyboards;
			sourceTree = "<group>";
		};
/* End PBXGroup section */

/* Begin PBXNativeTarget section */
		AC2507DA25396C1500C57A00 /* Messenger */ = {
			isa = PBXNativeTarget;
			buildConfigurationList = AC2507EF25396C1700C57A00 /* Build configuration list for PBXNativeTarget "Messenger" */;
			buildPhases = (
				AC2507D725396C1500C57A00 /* Sources */,
				AC2507D825396C1500C57A00 /* Frameworks */,
				AC2507D925396C1500C57A00 /* Resources */,
			);
			buildRules = (
			);
			dependencies = (
			);
			name = Messenger;
			productName = Messenger;
			productReference = AC2507DB25396C1500C57A00 /* Messenger.app */;
			productType = "com.apple.product-type.application";
		};
/* End PBXNativeTarget section */

/* Begin PBXProject section */
		AC2507D325396C1500C57A00 /* Project object */ = {
			isa = PBXProject;
			attributes = {
				LastSwiftUpdateCheck = 1110;
				LastUpgradeCheck = 1110;
				ORGANIZATIONNAME = praveen;
				TargetAttributes = {
					AC2507DA25396C1500C57A00 = {
						CreatedOnToolsVersion = 11.1;
					};
				};
			};
			buildConfigurationList = AC2507D625396C1500C57A00 /* Build configuration list for PBXProject "Messenger" */;
			compatibilityVersion = "Xcode 9.3";
			developmentRegion = en;
			hasScannedForEncodings = 0;
			knownRegions = (
				en,
				Base,
			);
			mainGroup = AC2507D225396C1500C57A00;
			productRefGroup = AC2507DC25396C1500C57A00 /* Products */;
			projectDirPath = "";
			projectRoot = "";
			targets = (
				AC2507DA25396C1500C57A00 /* Messenger */,
			);
		};
/* End PBXProject section */

/* Begin PBXResourcesBuildPhase section */
		AC2507D925396C1500C57A00 /* Resources */ = {
			isa = PBXResourcesBuildPhase;
			buildActionMask = 2147483647;
			files = (
				AC2507EB25396C1700C57A00 /* LaunchScreen.storyboard in Resources */,
				AC2507E825396C1700C57A00 /* Assets.xcassets in Resources */,
				AC2507E625396C1500C57A00 /* Main.storyboard in Resources */,
			);
			runOnlyForDeploymentPostprocessing = 0;
		};
/* End PBXResourcesBuildPhase section */

/* Begin PBXSourcesBuildPhase section */
		AC2507D725396C1500C57A00 /* Sources */ = {
			isa = PBXSourcesBuildPhase;
			buildActionMask = 2147483647;
			files = (
				AC2507F925396EBD00C57A00 /* LoginViewController.swift in Sources */,
				AC2507FB25396ECD00C57A00 /* RegisterViewController.swift in Sources */,
				AC25080125396F3900C57A00 /* NewConversationViewController.swift in Sources */,
				AC2507E325396C1500C57A00 /* ConversationsViewController.swift in Sources */,
				AC2507FF25396F0F00C57A00 /* VideoPlayerViewController.swift in Sources */,
				AC2507DF25396C1500C57A00 /* AppDelegate.swift in Sources */,
				AC25080325396F4A00C57A00 /* ProfileViewController.swift in Sources */,
				AC2507E125396C1500C57A00 /* SceneDelegate.swift in Sources */,
				AC2507FD25396EFE00C57A00 /* PhotoViewerViewController.swift in Sources */,
			);
			runOnlyForDeploymentPostprocessing = 0;
		};
/* End PBXSourcesBuildPhase section */

/* Begin PBXVariantGroup section */
		AC2507E425396C1500C57A00 /* Main.storyboard */ = {
			isa = PBXVariantGroup;
			children = (
				AC2507E525396C1500C57A00 /* Base */,
			);
			name = Main.storyboard;
			sourceTree = "<group>";
		};
		AC2507E925396C1700C57A00 /* LaunchScreen.storyboard */ = {
			isa = PBXVariantGroup;
			children = (
				AC2507EA25396C1700C57A00 /* Base */,
			);
			name = LaunchScreen.storyboard;
			sourceTree = "<group>";
		};
/* End PBXVariantGroup section */

/* Begin XCBuildConfiguration section */
		AC2507ED25396C1700C57A00 /* Debug */ = {
			isa = XCBuildConfiguration;
			buildSettings = {
				ALWAYS_SEARCH_USER_PATHS = NO;
				CLANG_ANALYZER_NONNULL = YES;
				CLANG_ANALYZER_NUMBER_OBJECT_CONVERSION = YES_AGGRESSIVE;
				CLANG_CXX_LANGUAGE_STANDARD = "gnu++14";
				CLANG_CXX_LIBRARY = "libc++";
				CLANG_ENABLE_MODULES = YES;
				CLANG_ENABLE_OBJC_ARC = YES;
				CLANG_ENABLE_OBJC_WEAK = YES;
				CLANG_WARN_BLOCK_CAPTURE_AUTORELEASING = YES;
				CLANG_WARN_BOOL_CONVERSION = YES;
				CLANG_WARN_COMMA = YES;
				CLANG_WARN_CONSTANT_CONVERSION = YES;
				CLANG_WARN_DEPRECATED_OBJC_IMPLEMENTATIONS = YES;
				CLANG_WARN_DIRECT_OBJC_ISA_USAGE = YES_ERROR;
				CLANG_WARN_DOCUMENTATION_COMMENTS = YES;
				CLANG_WARN_EMPTY_BODY = YES;
				CLANG_WARN_ENUM_CONVERSION = YES;
				CLANG_WARN_INFINITE_RECURSION = YES;
				CLANG_WARN_INT_CONVERSION = YES;
				CLANG_WARN_NON_LITERAL_NULL_CONVERSION = YES;
				CLANG_WARN_OBJC_IMPLICIT_RETAIN_SELF = YES;
				CLANG_WARN_OBJC_LITERAL_CONVERSION = YES;
				CLANG_WARN_OBJC_ROOT_CLASS = YES_ERROR;
				CLANG_WARN_RANGE_LOOP_ANALYSIS = YES;
				CLANG_WARN_STRICT_PROTOTYPES = YES;
				CLANG_WARN_SUSPICIOUS_MOVE = YES;
				CLANG_WARN_UNGUARDED_AVAILABILITY = YES_AGGRESSIVE;
				CLANG_WARN_UNREACHABLE_CODE = YES;
				CLANG_WARN__DUPLICATE_METHOD_MATCH = YES;
				COPY_PHASE_STRIP = NO;
				DEBUG_INFORMATION_FORMAT = dwarf;
				ENABLE_STRICT_OBJC_MSGSEND = YES;
				ENABLE_TESTABILITY = YES;
				GCC_C_LANGUAGE_STANDARD = gnu11;
				GCC_DYNAMIC_NO_PIC = NO;
				GCC_NO_COMMON_BLOCKS = YES;
				GCC_OPTIMIZATION_LEVEL = 0;
				GCC_PREPROCESSOR_DEFINITIONS = (
					"DEBUG=1",
					"$(inherited)",
				);
				GCC_WARN_64_TO_32_BIT_CONVERSION = YES;
				GCC_WARN_ABOUT_RETURN_TYPE = YES_ERROR;
				GCC_WARN_UNDECLARED_SELECTOR = YES;
				GCC_WARN_UNINITIALIZED_AUTOS = YES_AGGRESSIVE;
				GCC_WARN_UNUSED_FUNCTION = YES;
				GCC_WARN_UNUSED_VARIABLE = YES;
				IPHONEOS_DEPLOYMENT_TARGET = 13.1;
				MTL_ENABLE_DEBUG_INFO = INCLUDE_SOURCE;
				MTL_FAST_MATH = YES;
				ONLY_ACTIVE_ARCH = YES;
				SDKROOT = iphoneos;
				SWIFT_ACTIVE_COMPILATION_CONDITIONS = DEBUG;
				SWIFT_OPTIMIZATION_LEVEL = "-Onone";
			};
			name = Debug;
		};
		AC2507EE25396C1700C57A00 /* Release */ = {
			isa = XCBuildConfiguration;
			buildSettings = {
				ALWAYS_SEARCH_USER_PATHS = NO;
				CLANG_ANALYZER_NONNULL = YES;
				CLANG_ANALYZER_NUMBER_OBJECT_CONVERSION = YES_AGGRESSIVE;
				CLANG_CXX_LANGUAGE_STANDARD = "gnu++14";
				CLANG_CXX_LIBRARY = "libc++";
				CLANG_ENABLE_MODULES = YES;
				CLANG_ENABLE_OBJC_ARC = YES;
				CLANG_ENABLE_OBJC_WEAK = YES;
				CLANG_WARN_BLOCK_CAPTURE_AUTORELEASING = YES;
				CLANG_WARN_BOOL_CONVERSION = YES;
				CLANG_WARN_COMMA = YES;
				CLANG_WARN_CONSTANT_CONVERSION = YES;
				CLANG_WARN_DEPRECATED_OBJC_IMPLEMENTATIONS = YES;
				CLANG_WARN_DIRECT_OBJC_ISA_USAGE = YES_ERROR;
				CLANG_WARN_DOCUMENTATION_COMMENTS = YES;
				CLANG_WARN_EMPTY_BODY = YES;
				CLANG_WARN_ENUM_CONVERSION = YES;
				CLANG_WARN_INFINITE_RECURSION = YES;
				CLANG_WARN_INT_CONVERSION = YES;
				CLANG_WARN_NON_LITERAL_NULL_CONVERSION = YES;
				CLANG_WARN_OBJC_IMPLICIT_RETAIN_SELF = YES;
				CLANG_WARN_OBJC_LITERAL_CONVERSION = YES;
				CLANG_WARN_OBJC_ROOT_CLASS = YES_ERROR;
				CLANG_WARN_RANGE_LOOP_ANALYSIS = YES;
				CLANG_WARN_STRICT_PROTOTYPES = YES;
				CLANG_WARN_SUSPICIOUS_MOVE = YES;
				CLANG_WARN_UNGUARDED_AVAILABILITY = YES_AGGRESSIVE;
				CLANG_WARN_UNREACHABLE_CODE = YES;
				CLANG_WARN__DUPLICATE_METHOD_MATCH = YES;
				COPY_PHASE_STRIP = NO;
				DEBUG_INFORMATION_FORMAT = "dwarf-with-dsym";
				ENABLE_NS_ASSERTIONS = NO;
				ENABLE_STRICT_OBJC_MSGSEND = YES;
				GCC_C_LANGUAGE_STANDARD = gnu11;
				GCC_NO_COMMON_BLOCKS = YES;
				GCC_WARN_64_TO_32_BIT_CONVERSION = YES;
				GCC_WARN_ABOUT_RETURN_TYPE = YES_ERROR;
				GCC_WARN_UNDECLARED_SELECTOR = YES;
				GCC_WARN_UNINITIALIZED_AUTOS = YES_AGGRESSIVE;
				GCC_WARN_UNUSED_FUNCTION = YES;
				GCC_WARN_UNUSED_VARIABLE = YES;
				IPHONEOS_DEPLOYMENT_TARGET = 13.1;
				MTL_ENABLE_DEBUG_INFO = NO;
				MTL_FAST_MATH = YES;
				SDKROOT = iphoneos;
				SWIFT_COMPILATION_MODE = wholemodule;
				SWIFT_OPTIMIZATION_LEVEL = "-O";
				VALIDATE_PRODUCT = YES;
			};
			name = Release;
		};
		AC2507F025396C1700C57A00 /* Debug */ = {
			isa = XCBuildConfiguration;
			buildSettings = {
				ASSETCATALOG_COMPILER_APPICON_NAME = AppIcon;
				CODE_SIGN_STYLE = Automatic;
				DEVELOPMENT_TEAM = 6962453BDC;
				INFOPLIST_FILE = Messenger/Info.plist;
				IPHONEOS_DEPLOYMENT_TARGET = 13.1;
				LD_RUNPATH_SEARCH_PATHS = (
					"$(inherited)",
					"@executable_path/Frameworks",
				);
				PRODUCT_BUNDLE_IDENTIFIER = com.praveen.Messenger;
				PRODUCT_NAME = "$(TARGET_NAME)";
				SWIFT_VERSION = 5.0;
				TARGETED_DEVICE_FAMILY = "1,2";
			};
			name = Debug;
		};
		AC2507F125396C1700C57A00 /* Release */ = {
			isa = XCBuildConfiguration;
			buildSettings = {
				ASSETCATALOG_COMPILER_APPICON_NAME = AppIcon;
				CODE_SIGN_STYLE = Automatic;
				DEVELOPMENT_TEAM = 6962453BDC;
				INFOPLIST_FILE = Messenger/Info.plist;
				IPHONEOS_DEPLOYMENT_TARGET = 13.1;
				LD_RUNPATH_SEARCH_PATHS = (
					"$(inherited)",
					"@executable_path/Frameworks",
				);
				PRODUCT_BUNDLE_IDENTIFIER = com.praveen.Messenger;
				PRODUCT_NAME = "$(TARGET_NAME)";
				SWIFT_VERSION = 5.0;
				TARGETED_DEVICE_FAMILY = "1,2";
			};
			name = Release;
		};
/* End XCBuildConfiguration section */

/* Begin XCConfigurationList section */
		AC2507D625396C1500C57A00 /* Build configuration list for PBXProject "Messenger" */ = {
			isa = XCConfigurationList;
			buildConfigurations = (
				AC2507ED25396C1700C57A00 /* Debug */,
				AC2507EE25396C1700C57A00 /* Release */,
			);
			defaultConfigurationIsVisible = 0;
			defaultConfigurationName = Release;
		};
		AC2507EF25396C1700C57A00 /* Build configuration list for PBXNativeTarget "Messenger" */ = {
			isa = XCConfigurationList;
			buildConfigurations = (
				AC2507F025396C1700C57A00 /* Debug */,
				AC2507F125396C1700C57A00 /* Release */,
			);
			defaultConfigurationIsVisible = 0;
			defaultConfigurationName = Release;
		};
/* End XCConfigurationList section */
	};
	rootObject = AC2507D325396C1500C57A00 /* Project object */;
}
